
Microsoft Visual Studio Solution File, Format Version 12.00
# Visual Studio Version 17
VisualStudioVersion = 17.5.002.0
MinimumVisualStudioVersion = 10.0.40219.1
Project("{9A19103F-16F7-4668-BE54-9A1E7A4F7556}") = "my-api", "my-api\my-api.csproj", "{27579FBF-A8CA-4432-B3F7-C5E7B3697898}"
EndProject
Global
	GlobalSection(SolutionConfigurationPlatforms) = preSolution
		Debug|Any CPU = Debug|Any CPU
		Release|Any CPU = Release|Any CPU
	EndGlobalSection
	GlobalSection(ProjectConfigurationPlatforms) = postSolution
		{27579FBF-A8CA-4432-B3F7-C5E7B3697898}.Debug|Any CPU.ActiveCfg = Debug|Any CPU
		{27579FBF-A8CA-4432-B3F7-C5E7B3697898}.Debug|Any CPU.Build.0 = Debug|Any CPU
		{27579FBF-A8CA-4432-B3F7-C5E7B3697898}.Release|Any CPU.ActiveCfg = Release|Any CPU
		{27579FBF-A8CA-4432-B3F7-C5E7B3697898}.Release|Any CPU.Build.0 = Release|Any CPU
	EndGlobalSection
	GlobalSection(SolutionProperties) = preSolution
		HideSolutionNode = FALSE
	EndGlobalSection
	GlobalSection(ExtensibilityGlobals) = postSolution
		SolutionGuid = {0534B285-94A2-450B-ACA5-C9937232C432}
	EndGlobalSection
EndGlobal
